
Microsoft Visual Studio Solution File, Format Version 12.00
# Visual Studio Version 16
VisualStudioVersion = 16.0.29123.88
MinimumVisualStudioVersion = 10.0.40219.1
Project("{FAE04EC0-301F-11D3-BF4B-00C04F79EFBC}") = "Fuels.Android", "Fuels\Fuels.Android\Fuels.Android.csproj", "{E76C0909-B0C0-4EF1-A8D8-2AB86F756BE3}"
EndProject
Project("{FAE04EC0-301F-11D3-BF4B-00C04F79EFBC}") = "Fuels.iOS", "Fuels\Fuels.iOS\Fuels.iOS.csproj", "{6A7D68C3-D666-4E28-AAE7-92BA03584359}"
EndProject
Project("{FAE04EC0-301F-11D3-BF4B-00C04F79EFBC}") = "Fuels", "Fuels\Fuels\Fuels.csproj", "{D5B4B007-2DDB-419A-92D8-479AACDA7BE9}"
EndProject
Global
	GlobalSection(SolutionConfigurationPlatforms) = preSolution
		Debug|Any CPU = Debug|Any CPU
		Debug|iPhone = Debug|iPhone
		Debug|iPhoneSimulator = Debug|iPhoneSimulator
		Release|Any CPU = Release|Any CPU
		Release|iPhone = Release|iPhone
		Release|iPhoneSimulator = Release|iPhoneSimulator
	EndGlobalSection
	GlobalSection(ProjectConfigurationPlatforms) = postSolution
		{E76C0909-B0C0-4EF1-A8D8-2AB86F756BE3}.Debug|Any CPU.ActiveCfg = Debug|Any CPU
		{E76C0909-B0C0-4EF1-A8D8-2AB86F756BE3}.Debug|Any CPU.Build.0 = Debug|Any CPU
		{E76C0909-B0C0-4EF1-A8D8-2AB86F756BE3}.Debug|Any CPU.Deploy.0 = Debug|Any CPU
		{E76C0909-B0C0-4EF1-A8D8-2AB86F756BE3}.Debug|iPhone.ActiveCfg = Debug|Any CPU
		{E76C0909-B0C0-4EF1-A8D8-2AB86F756BE3}.Debug|iPhone.Build.0 = Debug|Any CPU
		{E76C0909-B0C0-4EF1-A8D8-2AB86F756BE3}.Debug|iPhone.Deploy.0 = Debug|Any CPU
		{E76C0909-B0C0-4EF1-A8D8-2AB86F756BE3}.Debug|iPhoneSimulator.ActiveCfg = Debug|Any CPU
		{E76C0909-B0C0-4EF1-A8D8-2AB86F756BE3}.Debug|iPhoneSimulator.Build.0 = Debug|Any CPU
		{E76C0909-B0C0-4EF1-A8D8-2AB86F756BE3}.Debug|iPhoneSimulator.Deploy.0 = Debug|Any CPU
		{E76C0909-B0C0-4EF1-A8D8-2AB86F756BE3}.Release|Any CPU.ActiveCfg = Release|Any CPU
		{E76C0909-B0C0-4EF1-A8D8-2AB86F756BE3}.Release|Any CPU.Build.0 = Release|Any CPU
		{E76C0909-B0C0-4EF1-A8D8-2AB86F756BE3}.Release|Any CPU.Deploy.0 = Release|Any CPU
		{E76C0909-B0C0-4EF1-A8D8-2AB86F756BE3}.Release|iPhone.ActiveCfg = Release|Any CPU
		{E76C0909-B0C0-4EF1-A8D8-2AB86F756BE3}.Release|iPhone.Build.0 = Release|Any CPU
		{E76C0909-B0C0-4EF1-A8D8-2AB86F756BE3}.Release|iPhone.Deploy.0 = Release|Any CPU
		{E76C0909-B0C0-4EF1-A8D8-2AB86F756BE3}.Release|iPhoneSimulator.ActiveCfg = Release|Any CPU
		{E76C0909-B0C0-4EF1-A8D8-2AB86F756BE3}.Release|iPhoneSimulator.Build.0 = Release|Any CPU
		{E76C0909-B0C0-4EF1-A8D8-2AB86F756BE3}.Release|iPhoneSimulator.Deploy.0 = Release|Any CPU
		{6A7D68C3-D666-4E28-AAE7-92BA03584359}.Debug|Any CPU.ActiveCfg = Debug|iPhoneSimulator
		{6A7D68C3-D666-4E28-AAE7-92BA03584359}.Debug|Any CPU.Build.0 = Debug|iPhoneSimulator
		{6A7D68C3-D666-4E28-AAE7-92BA03584359}.Debug|Any CPU.Deploy.0 = Debug|iPhoneSimulator
		{6A7D68C3-D666-4E28-AAE7-92BA03584359}.Debug|iPhone.ActiveCfg = Debug|iPhone
		{6A7D68C3-D666-4E28-AAE7-92BA03584359}.Debug|iPhone.Build.0 = Debug|iPhone
		{6A7D68C3-D666-4E28-AAE7-92BA03584359}.Debug|iPhone.Deploy.0 = Debug|iPhone
		{6A7D68C3-D666-4E28-AAE7-92BA03584359}.Debug|iPhoneSimulator.ActiveCfg = Debug|iPhoneSimulator
		{6A7D68C3-D666-4E28-AAE7-92BA03584359}.Debug|iPhoneSimulator.Build.0 = Debug|iPhoneSimulator
		{6A7D68C3-D666-4E28-AAE7-92BA03584359}.Debug|iPhoneSimulator.Deploy.0 = Debug|iPhoneSimulator
		{6A7D68C3-D666-4E28-AAE7-92BA03584359}.Release|Any CPU.ActiveCfg = Release|iPhone
		{6A7D68C3-D666-4E28-AAE7-92BA03584359}.Release|Any CPU.Build.0 = Release|iPhone
		{6A7D68C3-D666-4E28-AAE7-92BA03584359}.Release|Any CPU.Deploy.0 = Release|iPhone
		{6A7D68C3-D666-4E28-AAE7-92BA03584359}.Release|iPhone.ActiveCfg = Release|iPhone
		{6A7D68C3-D666-4E28-AAE7-92BA03584359}.Release|iPhone.Build.0 = Release|iPhone
		{6A7D68C3-D666-4E28-AAE7-92BA03584359}.Release|iPhone.Deploy.0 = Release|iPhone
		{6A7D68C3-D666-4E28-AAE7-92BA03584359}.Release|iPhoneSimulator.ActiveCfg = Release|iPhoneSimulator
		{6A7D68C3-D666-4E28-AAE7-92BA03584359}.Release|iPhoneSimulator.Build.0 = Release|iPhoneSimulator
		{6A7D68C3-D666-4E28-AAE7-92BA03584359}.Release|iPhoneSimulator.Deploy.0 = Release|iPhoneSimulator
		{D5B4B007-2DDB-419A-92D8-479AACDA7BE9}.Debug|Any CPU.ActiveCfg = Debug|Any CPU
		{D5B4B007-2DDB-419A-92D8-479AACDA7BE9}.Debug|Any CPU.Build.0 = Debug|Any CPU
		{D5B4B007-2DDB-419A-92D8-479AACDA7BE9}.Debug|Any CPU.Deploy.0 = Debug|Any CPU
		{D5B4B007-2DDB-419A-92D8-479AACDA7BE9}.Debug|iPhone.ActiveCfg = Debug|Any CPU
		{D5B4B007-2DDB-419A-92D8-479AACDA7BE9}.Debug|iPhone.Build.0 = Debug|Any CPU
		{D5B4B007-2DDB-419A-92D8-479AACDA7BE9}.Debug|iPhone.Deploy.0 = Debug|Any CPU
		{D5B4B007-2DDB-419A-92D8-479AACDA7BE9}.Debug|iPhoneSimulator.ActiveCfg = Debug|Any CPU
		{D5B4B007-2DDB-419A-92D8-479AACDA7BE9}.Debug|iPhoneSimulator.Build.0 = Debug|Any CPU
		{D5B4B007-2DDB-419A-92D8-479AACDA7BE9}.Debug|iPhoneSimulator.Deploy.0 = Debug|Any CPU
		{D5B4B007-2DDB-419A-92D8-479AACDA7BE9}.Release|Any CPU.ActiveCfg = Release|Any CPU
		{D5B4B007-2DDB-419A-92D8-479AACDA7BE9}.Release|Any CPU.Build.0 = Release|Any CPU
		{D5B4B007-2DDB-419A-92D8-479AACDA7BE9}.Release|Any CPU.Deploy.0 = Release|Any CPU
		{D5B4B007-2DDB-419A-92D8-479AACDA7BE9}.Release|iPhone.ActiveCfg = Release|Any CPU
		{D5B4B007-2DDB-419A-92D8-479AACDA7BE9}.Release|iPhone.Build.0 = Release|Any CPU
		{D5B4B007-2DDB-419A-92D8-479AACDA7BE9}.Release|iPhone.Deploy.0 = Release|Any CPU
		{D5B4B007-2DDB-419A-92D8-479AACDA7BE9}.Release|iPhoneSimulator.ActiveCfg = Release|Any CPU
		{D5B4B007-2DDB-419A-92D8-479AACDA7BE9}.Release|iPhoneSimulator.Build.0 = Release|Any CPU
		{D5B4B007-2DDB-419A-92D8-479AACDA7BE9}.Release|iPhoneSimulator.Deploy.0 = Release|Any CPU
	EndGlobalSection
	GlobalSection(SolutionProperties) = preSolution
		HideSolutionNode = FALSE
	EndGlobalSection
	GlobalSection(ExtensibilityGlobals) = postSolution
		SolutionGuid = {5B659C05-8562-464D-9691-FA3668D541C8}
	EndGlobalSection
EndGlobal
